// !$*UTF8*$!
{
	archiveVersion = 1;
	classes = {
	};
	objectVersion = 46;
	objects = {

/* Begin PBXBuildFile section */
		FC82AA171A6E40B4004C550A /* demo.mp4 in Resources */ = {isa = PBXBuildFile; fileRef = FC82AA161A6E40B4004C550A /* demo.mp4 */; };
		FC82AA191A6EC8DE004C550A /* charlie.mp4 in Resources */ = {isa = PBXBuildFile; fileRef = FC82AA181A6EC8DE004C550A /* charlie.mp4 */; };
		FC82AB461A6F4F96004C550A /* Readme in Resources */ = {isa = PBXBuildFile; fileRef = FC82AB451A6F4F96004C550A /* Readme */; };
		FC9C941C1A6DA65C0077ECC8 /* main.m in Sources */ = {isa = PBXBuildFile; fileRef = FC9C941B1A6DA65C0077ECC8 /* main.m */; };
		FC9C941F1A6DA65C0077ECC8 /* AppDelegate.m in Sources */ = {isa = PBXBuildFile; fileRef = FC9C941E1A6DA65C0077ECC8 /* AppDelegate.m */; };
		FC9C94221A6DA65C0077ECC8 /* ViewController.m in Sources */ = {isa = PBXBuildFile; fileRef = FC9C94211A6DA65C0077ECC8 /* ViewController.m */; };
		FC9C94251A6DA65C0077ECC8 /* Main.storyboard in Resources */ = {isa = PBXBuildFile; fileRef = FC9C94231A6DA65C0077ECC8 /* Main.storyboard */; };
		FC9C94271A6DA65C0077ECC8 /* Images.xcassets in Resources */ = {isa = PBXBuildFile; fileRef = FC9C94261A6DA65C0077ECC8 /* Images.xcassets */; };
		FC9C942A1A6DA65C0077ECC8 /* LaunchScreen.xib in Resources */ = {isa = PBXBuildFile; fileRef = FC9C94281A6DA65C0077ECC8 /* LaunchScreen.xib */; };
		FC9C94361A6DA65C0077ECC8 /* VideoPlayerDemoTests.m in Sources */ = {isa = PBXBuildFile; fileRef = FC9C94351A6DA65C0077ECC8 /* VideoPlayerDemoTests.m */; };
		FC9C94441A6E037C0077ECC8 /* PlayerViewController.m in Sources */ = {isa = PBXBuildFile; fileRef = FC9C94431A6E037C0077ECC8 /* PlayerViewController.m */; };
		FC9C944A1A6E36F00077ECC8 /* PlayerView.m in Sources */ = {isa = PBXBuildFile; fileRef = FC9C94491A6E36F00077ECC8 /* PlayerView.m */; };
/* End PBXBuildFile section */

/* Begin PBXContainerItemProxy section */
		FC9C94301A6DA65C0077ECC8 /* PBXContainerItemProxy */ = {
			isa = PBXContainerItemProxy;
			containerPortal = FC9C940E1A6DA65C0077ECC8 /* Project object */;
			proxyType = 1;
			remoteGlobalIDString = FC9C94151A6DA65C0077ECC8;
			remoteInfo = VideoPlayerDemo;
		};
/* End PBXContainerItemProxy section */

/* Begin PBXFileReference section */
		FC82AA161A6E40B4004C550A /* demo.mp4 */ = {isa = PBXFileReference; lastKnownFileType = file; path = demo.mp4; sourceTree = "<group>"; };
		FC82AA181A6EC8DE004C550A /* charlie.mp4 */ = {isa = PBXFileReference; lastKnownFileType = file; path = charlie.mp4; sourceTree = "<group>"; };
		FC82AB451A6F4F96004C550A /* Readme */ = {isa = PBXFileReference; fileEncoding = 4; lastKnownFileType = text; path = Readme; sourceTree = "<group>"; };
		FC9C94161A6DA65C0077ECC8 /* VideoPlayerDemo.app */ = {isa = PBXFileReference; explicitFileType = wrapper.application; includeInIndex = 0; path = VideoPlayerDemo.app; sourceTree = BUILT_PRODUCTS_DIR; };
		FC9C941A1A6DA65C0077ECC8 /* Info.plist */ = {isa = PBXFileReference; lastKnownFileType = text.plist.xml; path = Info.plist; sourceTree = "<group>"; };
		FC9C941B1A6DA65C0077ECC8 /* main.m */ = {isa = PBXFileReference; lastKnownFileType = sourcecode.c.objc; path = main.m; sourceTree = "<group>"; };
		FC9C941D1A6DA65C0077ECC8 /* AppDelegate.h */ = {isa = PBXFileReference; lastKnownFileType = sourcecode.c.h; path = AppDelegate.h; sourceTree = "<group>"; };
		FC9C941E1A6DA65C0077ECC8 /* AppDelegate.m */ = {isa = PBXFileReference; lastKnownFileType = sourcecode.c.objc; path = AppDelegate.m; sourceTree = "<group>"; };
		FC9C94201A6DA65C0077ECC8 /* ViewController.h */ = {isa = PBXFileReference; lastKnownFileType = sourcecode.c.h; path = ViewController.h; sourceTree = "<group>"; };
		FC9C94211A6DA65C0077ECC8 /* ViewController.m */ = {isa = PBXFileReference; lastKnownFileType = sourcecode.c.objc; path = ViewController.m; sourceTree = "<group>"; };
		FC9C94241A6DA65C0077ECC8 /* Base */ = {isa = PBXFileReference; lastKnownFileType = file.storyboard; name = Base; path = Base.lproj/Main.storyboard; sourceTree = "<group>"; };
		FC9C94261A6DA65C0077ECC8 /* Images.xcassets */ = {isa = PBXFileReference; lastKnownFileType = folder.assetcatalog; path = Images.xcassets; sourceTree = "<group>"; };
		FC9C94291A6DA65C0077ECC8 /* Base */ = {isa = PBXFileReference; lastKnownFileType = file.xib; name = Base; path = Base.lproj/LaunchScreen.xib; sourceTree = "<group>"; };
		FC9C942F1A6DA65C0077ECC8 /* VideoPlayerDemoTests.xctest */ = {isa = PBXFileReference; explicitFileType = wrapper.cfbundle; includeInIndex = 0; path = VideoPlayerDemoTests.xctest; sourceTree = BUILT_PRODUCTS_DIR; };
		FC9C94341A6DA65C0077ECC8 /* Info.plist */ = {isa = PBXFileReference; lastKnownFileType = text.plist.xml; path = Info.plist; sourceTree = "<group>"; };
		FC9C94351A6DA65C0077ECC8 /* VideoPlayerDemoTests.m */ = {isa = PBXFileReference; lastKnownFileType = sourcecode.c.objc; path = VideoPlayerDemoTests.m; sourceTree = "<group>"; };
		FC9C94421A6E037C0077ECC8 /* PlayerViewController.h */ = {isa = PBXFileReference; fileEncoding = 4; lastKnownFileType = sourcecode.c.h; path = PlayerViewController.h; sourceTree = "<group>"; };
		FC9C94431A6E037C0077ECC8 /* PlayerViewController.m */ = {isa = PBXFileReference; fileEncoding = 4; lastKnownFileType = sourcecode.c.objc; path = PlayerViewController.m; sourceTree = "<group>"; };
		FC9C94481A6E36F00077ECC8 /* PlayerView.h */ = {isa = PBXFileReference; fileEncoding = 4; lastKnownFileType = sourcecode.c.h; name = PlayerView.h; path = VideoPlayerDemo/PlayerView.h; sourceTree = "<group>"; };
		FC9C94491A6E36F00077ECC8 /* PlayerView.m */ = {isa = PBXFileReference; fileEncoding = 4; lastKnownFileType = sourcecode.c.objc; name = PlayerView.m; path = VideoPlayerDemo/PlayerView.m; sourceTree = "<group>"; };
/* End PBXFileReference section */

/* Begin PBXFrameworksBuildPhase section */
		FC9C94131A6DA65C0077ECC8 /* Frameworks */ = {
			isa = PBXFrameworksBuildPhase;
			buildActionMask = 2147483647;
			files = (
			);
			runOnlyForDeploymentPostprocessing = 0;
		};
		FC9C942C1A6DA65C0077ECC8 /* Frameworks */ = {
			isa = PBXFrameworksBuildPhase;
			buildActionMask = 2147483647;
			files = (
			);
			runOnlyForDeploymentPostprocessing = 0;
		};
/* End PBXFrameworksBuildPhase section */

/* Begin PBXGroup section */
		FC9C940D1A6DA65C0077ECC8 = {
			isa = PBXGroup;
			children = (
				FC9C943F1A6DA6820077ECC8 /* VideoView */,
				FC9C94181A6DA65C0077ECC8 /* VideoPlayerDemo */,
				FC9C94321A6DA65C0077ECC8 /* VideoPlayerDemoTests */,
				FC9C94171A6DA65C0077ECC8 /* Products */,
			);
			sourceTree = "<group>";
		};
		FC9C94171A6DA65C0077ECC8 /* Products */ = {
			isa = PBXGroup;
			children = (
				FC9C94161A6DA65C0077ECC8 /* VideoPlayerDemo.app */,
				FC9C942F1A6DA65C0077ECC8 /* VideoPlayerDemoTests.xctest */,
			);
			name = Products;
			sourceTree = "<group>";
		};
		FC9C94181A6DA65C0077ECC8 /* VideoPlayerDemo */ = {
			isa = PBXGroup;
			children = (
				FC82AB451A6F4F96004C550A /* Readme */,
				FC9C94231A6DA65C0077ECC8 /* Main.storyboard */,
				FC9C94421A6E037C0077ECC8 /* PlayerViewController.h */,
				FC9C94431A6E037C0077ECC8 /* PlayerViewController.m */,
				FC9C94201A6DA65C0077ECC8 /* ViewController.h */,
				FC9C94211A6DA65C0077ECC8 /* ViewController.m */,
				FC9C94261A6DA65C0077ECC8 /* Images.xcassets */,
				FC9C94281A6DA65C0077ECC8 /* LaunchScreen.xib */,
				FC9C941D1A6DA65C0077ECC8 /* AppDelegate.h */,
				FC9C941E1A6DA65C0077ECC8 /* AppDelegate.m */,
				FC9C94191A6DA65C0077ECC8 /* Supporting Files */,
			);
			path = VideoPlayerDemo;
			sourceTree = "<group>";
		};
		FC9C94191A6DA65C0077ECC8 /* Supporting Files */ = {
			isa = PBXGroup;
			children = (
				FC82AA161A6E40B4004C550A /* demo.mp4 */,
				FC82AA181A6EC8DE004C550A /* charlie.mp4 */,
				FC9C941A1A6DA65C0077ECC8 /* Info.plist */,
				FC9C941B1A6DA65C0077ECC8 /* main.m */,
			);
			name = "Supporting Files";
			sourceTree = "<group>";
		};
		FC9C94321A6DA65C0077ECC8 /* VideoPlayerDemoTests */ = {
			isa = PBXGroup;
			children = (
				FC9C94351A6DA65C0077ECC8 /* VideoPlayerDemoTests.m */,
				FC9C94331A6DA65C0077ECC8 /* Supporting Files */,
			);
			path = VideoPlayerDemoTests;
			sourceTree = "<group>";
		};
		FC9C94331A6DA65C0077ECC8 /* Supporting Files */ = {
			isa = PBXGroup;
			children = (
				FC9C94341A6DA65C0077ECC8 /* Info.plist */,
			);
			name = "Supporting Files";
			sourceTree = "<group>";
		};
		FC9C943F1A6DA6820077ECC8 /* VideoView */ = {
			isa = PBXGroup;
			children = (
				FC9C94481A6E36F00077ECC8 /* PlayerView.h */,
				FC9C94491A6E36F00077ECC8 /* PlayerView.m */,
			);
			name = VideoView;
			sourceTree = "<group>";
		};
/* End PBXGroup section */

/* Begin PBXNativeTarget section */
		FC9C94151A6DA65C0077ECC8 /* VideoPlayerDemo */ = {
			isa = PBXNativeTarget;
			buildConfigurationList = FC9C94391A6DA65C0077ECC8 /* Build configuration list for PBXNativeTarget "VideoPlayerDemo" */;
			buildPhases = (
				FC9C94121A6DA65C0077ECC8 /* Sources */,
				FC9C94131A6DA65C0077ECC8 /* Frameworks */,
				FC9C94141A6DA65C0077ECC8 /* Resources */,
			);
			buildRules = (
			);
			dependencies = (
			);
			name = VideoPlayerDemo;
			productName = VideoPlayerDemo;
			productReference = FC9C94161A6DA65C0077ECC8 /* VideoPlayerDemo.app */;
			productType = "com.apple.product-type.application";
		};
		FC9C942E1A6DA65C0077ECC8 /* VideoPlayerDemoTests */ = {
			isa = PBXNativeTarget;
			buildConfigurationList = FC9C943C1A6DA65C0077ECC8 /* Build configuration list for PBXNativeTarget "VideoPlayerDemoTests" */;
			buildPhases = (
				FC9C942B1A6DA65C0077ECC8 /* Sources */,
				FC9C942C1A6DA65C0077ECC8 /* Frameworks */,
				FC9C942D1A6DA65C0077ECC8 /* Resources */,
			);
			buildRules = (
			);
			dependencies = (
				FC9C94311A6DA65C0077ECC8 /* PBXTargetDependency */,
			);
			name = VideoPlayerDemoTests;
			productName = VideoPlayerDemoTests;
			productReference = FC9C942F1A6DA65C0077ECC8 /* VideoPlayerDemoTests.xctest */;
			productType = "com.apple.product-type.bundle.unit-test";
		};
/* End PBXNativeTarget section */

/* Begin PBXProject section */
		FC9C940E1A6DA65C0077ECC8 /* Project object */ = {
			isa = PBXProject;
			attributes = {
				LastUpgradeCheck = 0610;
				ORGANIZATIONNAME = WangYinghao;
				TargetAttributes = {
					FC9C94151A6DA65C0077ECC8 = {
						CreatedOnToolsVersion = 6.1.1;
					};
					FC9C942E1A6DA65C0077ECC8 = {
						CreatedOnToolsVersion = 6.1.1;
						TestTargetID = FC9C94151A6DA65C0077ECC8;
					};
				};
			};
			buildConfigurationList = FC9C94111A6DA65C0077ECC8 /* Build configuration list for PBXProject "VideoPlayerDemo" */;
			compatibilityVersion = "Xcode 3.2";
			developmentRegion = English;
			hasScannedForEncodings = 0;
			knownRegions = (
				en,
				Base,
			);
			mainGroup = FC9C940D1A6DA65C0077ECC8;
			productRefGroup = FC9C94171A6DA65C0077ECC8 /* Products */;
			projectDirPath = "";
			projectRoot = "";
			targets = (
				FC9C94151A6DA65C0077ECC8 /* VideoPlayerDemo */,
				FC9C942E1A6DA65C0077ECC8 /* VideoPlayerDemoTests */,
			);
		};
/* End PBXProject section */

/* Begin PBXResourcesBuildPhase section */
		FC9C94141A6DA65C0077ECC8 /* Resources */ = {
			isa = PBXResourcesBuildPhase;
			buildActionMask = 2147483647;
			files = (
				FC9C94251A6DA65C0077ECC8 /* Main.storyboard in Resources */,
				FC82AA171A6E40B4004C550A /* demo.mp4 in Resources */,
				FC9C942A1A6DA65C0077ECC8 /* LaunchScreen.xib in Resources */,
				FC9C94271A6DA65C0077ECC8 /* Images.xcassets in Resources */,
				FC82AB461A6F4F96004C550A /* Readme in Resources */,
				FC82AA191A6EC8DE004C550A /* charlie.mp4 in Resources */,
			);
			runOnlyForDeploymentPostprocessing = 0;
		};
		FC9C942D1A6DA65C0077ECC8 /* Resources */ = {
			isa = PBXResourcesBuildPhase;
			buildActionMask = 2147483647;
			files = (
			);
			runOnlyForDeploymentPostprocessing = 0;
		};
/* End PBXResourcesBuildPhase section */

/* Begin PBXSourcesBuildPhase section */
		FC9C94121A6DA65C0077ECC8 /* Sources */ = {
			isa = PBXSourcesBuildPhase;
			buildActionMask = 2147483647;
			files = (
				FC9C94221A6DA65C0077ECC8 /* ViewController.m in Sources */,
				FC9C944A1A6E36F00077ECC8 /* PlayerView.m in Sources */,
				FC9C94441A6E037C0077ECC8 /* PlayerViewController.m in Sources */,
				FC9C941F1A6DA65C0077ECC8 /* AppDelegate.m in Sources */,
				FC9C941C1A6DA65C0077ECC8 /* main.m in Sources */,
			);
			runOnlyForDeploymentPostprocessing = 0;
		};
		FC9C942B1A6DA65C0077ECC8 /* Sources */ = {
			isa = PBXSourcesBuildPhase;
			buildActionMask = 2147483647;
			files = (
				FC9C94361A6DA65C0077ECC8 /* VideoPlayerDemoTests.m in Sources */,
			);
			runOnlyForDeploymentPostprocessing = 0;
		};
/* End PBXSourcesBuildPhase section */

/* Begin PBXTargetDependency section */
		FC9C94311A6DA65C0077ECC8 /* PBXTargetDependency */ = {
			isa = PBXTargetDependency;
			target = FC9C94151A6DA65C0077ECC8 /* VideoPlayerDemo */;
			targetProxy = FC9C94301A6DA65C0077ECC8 /* PBXContainerItemProxy */;
		};
/* End PBXTargetDependency section */

/* Begin PBXVariantGroup section */
		FC9C94231A6DA65C0077ECC8 /* Main.storyboard */ = {
			isa = PBXVariantGroup;
			children = (
				FC9C94241A6DA65C0077ECC8 /* Base */,
			);
			name = Main.storyboard;
			sourceTree = "<group>";
		};
		FC9C94281A6DA65C0077ECC8 /* LaunchScreen.xib */ = {
			isa = PBXVariantGroup;
			children = (
				FC9C94291A6DA65C0077ECC8 /* Base */,
			);
			name = LaunchScreen.xib;
			sourceTree = "<group>";
		};
/* End PBXVariantGroup section */

/* Begin XCBuildConfiguration section */
		FC9C94371A6DA65C0077ECC8 /* Debug */ = {
			isa = XCBuildConfiguration;
			buildSettings = {
				ALWAYS_SEARCH_USER_PATHS = NO;
				CLANG_CXX_LANGUAGE_STANDARD = "gnu++0x";
				CLANG_CXX_LIBRARY = "libc++";
				CLANG_ENABLE_MODULES = YES;
				CLANG_ENABLE_OBJC_ARC = YES;
				CLANG_WARN_BOOL_CONVERSION = YES;
				CLANG_WARN_CONSTANT_CONVERSION = YES;
				CLANG_WARN_DIRECT_OBJC_ISA_USAGE = YES_ERROR;
				CLANG_WARN_EMPTY_BODY = YES;
				CLANG_WARN_ENUM_CONVERSION = YES;
				CLANG_WARN_INT_CONVERSION = YES;
				CLANG_WARN_OBJC_ROOT_CLASS = YES_ERROR;
				CLANG_WARN_UNREACHABLE_CODE = YES;
				CLANG_WARN__DUPLICATE_METHOD_MATCH = YES;
				"CODE_SIGN_IDENTITY[sdk=iphoneos*]" = "iPhone Developer";
				COPY_PHASE_STRIP = NO;
				ENABLE_STRICT_OBJC_MSGSEND = YES;
				GCC_C_LANGUAGE_STANDARD = gnu99;
				GCC_DYNAMIC_NO_PIC = NO;
				GCC_OPTIMIZATION_LEVEL = 0;
				GCC_PREPROCESSOR_DEFINITIONS = (
					"DEBUG=1",
					"$(inherited)",
				);
				GCC_SYMBOLS_PRIVATE_EXTERN = NO;
				GCC_WARN_64_TO_32_BIT_CONVERSION = YES;
				GCC_WARN_ABOUT_RETURN_TYPE = YES_ERROR;
				GCC_WARN_UNDECLARED_SELECTOR = YES;
				GCC_WARN_UNINITIALIZED_AUTOS = YES_AGGRESSIVE;
				GCC_WARN_UNUSED_FUNCTION = YES;
				GCC_WARN_UNUSED_VARIABLE = YES;
				IPHONEOS_DEPLOYMENT_TARGET = 8.1;
				MTL_ENABLE_DEBUG_INFO = YES;
				ONLY_ACTIVE_ARCH = YES;
				SDKROOT = iphoneos;
				TARGETED_DEVICE_FAMILY = "1,2";
			};
			name = Debug;
		};
		FC9C94381A6DA65C0077ECC8 /* Release */ = {
			isa = XCBuildConfiguration;
			buildSettings = {
				ALWAYS_SEARCH_USER_PATHS = NO;
				CLANG_CXX_LANGUAGE_STANDARD = "gnu++0x";
				CLANG_CXX_LIBRARY = "libc++";
				CLANG_ENABLE_MODULES = YES;
				CLANG_ENABLE_OBJC_ARC = YES;
				CLANG_WARN_BOOL_CONVERSION = YES;
				CLANG_WARN_CONSTANT_CONVERSION = YES;
				CLANG_WARN_DIRECT_OBJC_ISA_USAGE = YES_ERROR;
				CLANG_WARN_EMPTY_BODY = YES;
				CLANG_WARN_ENUM_CONVERSION = YES;
				CLANG_WARN_INT_CONVERSION = YES;
				CLANG_WARN_OBJC_ROOT_CLASS = YES_ERROR;
				CLANG_WARN_UNREACHABLE_CODE = YES;
				CLANG_WARN__DUPLICATE_METHOD_MATCH = YES;
				"CODE_SIGN_IDENTITY[sdk=iphoneos*]" = "iPhone Developer";
				COPY_PHASE_STRIP = YES;
				ENABLE_NS_ASSERTIONS = NO;
				ENABLE_STRICT_OBJC_MSGSEND = YES;
				GCC_C_LANGUAGE_STANDARD = gnu99;
				GCC_WARN_64_TO_32_BIT_CONVERSION = YES;
				GCC_WARN_ABOUT_RETURN_TYPE = YES_ERROR;
				GCC_WARN_UNDECLARED_SELECTOR = YES;
				GCC_WARN_UNINITIALIZED_AUTOS = YES_AGGRESSIVE;
				GCC_WARN_UNUSED_FUNCTION = YES;
				GCC_WARN_UNUSED_VARIABLE = YES;
				IPHONEOS_DEPLOYMENT_TARGET = 8.1;
				MTL_ENABLE_DEBUG_INFO = NO;
				SDKROOT = iphoneos;
				TARGETED_DEVICE_FAMILY = "1,2";
				VALIDATE_PRODUCT = YES;
			};
			name = Release;
		};
		FC9C943A1A6DA65C0077ECC8 /* Debug */ = {
			isa = XCBuildConfiguration;
			buildSettings = {
				ASSETCATALOG_COMPILER_APPICON_NAME = AppIcon;
				INFOPLIST_FILE = VideoPlayerDemo/Info.plist;
				LD_RUNPATH_SEARCH_PATHS = "$(inherited) @executable_path/Frameworks";
				PRODUCT_NAME = "$(TARGET_NAME)";
			};
			name = Debug;
		};
		FC9C943B1A6DA65C0077ECC8 /* Release */ = {
			isa = XCBuildConfiguration;
			buildSettings = {
				ASSETCATALOG_COMPILER_APPICON_NAME = AppIcon;
				INFOPLIST_FILE = VideoPlayerDemo/Info.plist;
				LD_RUNPATH_SEARCH_PATHS = "$(inherited) @executable_path/Frameworks";
				PRODUCT_NAME = "$(TARGET_NAME)";
			};
			name = Release;
		};
		FC9C943D1A6DA65C0077ECC8 /* Debug */ = {
			isa = XCBuildConfiguration;
			buildSettings = {
				BUNDLE_LOADER = "$(TEST_HOST)";
				FRAMEWORK_SEARCH_PATHS = (
					"$(SDKROOT)/Developer/Library/Frameworks",
					"$(inherited)",
				);
				GCC_PREPROCESSOR_DEFINITIONS = (
					"DEBUG=1",
					"$(inherited)",
				);
				INFOPLIST_FILE = VideoPlayerDemoTests/Info.plist;
				LD_RUNPATH_SEARCH_PATHS = "$(inherited) @executable_path/Frameworks @loader_path/Frameworks";
				PRODUCT_NAME = "$(TARGET_NAME)";
				TEST_HOST = "$(BUILT_PRODUCTS_DIR)/VideoPlayerDemo.app/VideoPlayerDemo";
			};
			name = Debug;
		};
		FC9C943E1A6DA65C0077ECC8 /* Release */ = {
			isa = XCBuildConfiguration;
			buildSettings = {
				BUNDLE_LOADER = "$(TEST_HOST)";
				FRAMEWORK_SEARCH_PATHS = (
					"$(SDKROOT)/Developer/Library/Frameworks",
					"$(inherited)",
				);
				INFOPLIST_FILE = VideoPlayerDemoTests/Info.plist;
				LD_RUNPATH_SEARCH_PATHS = "$(inherited) @executable_path/Frameworks @loader_path/Frameworks";
				PRODUCT_NAME = "$(TARGET_NAME)";
				TEST_HOST = "$(BUILT_PRODUCTS_DIR)/VideoPlayerDemo.app/VideoPlayerDemo";
			};
			name = Release;
		};
/* End XCBuildConfiguration section */

/* Begin XCConfigurationList section */
		FC9C94111A6DA65C0077ECC8 /* Build configuration list for PBXProject "VideoPlayerDemo" */ = {
			isa = XCConfigurationList;
			buildConfigurations = (
				FC9C94371A6DA65C0077ECC8 /* Debug */,
				FC9C94381A6DA65C0077ECC8 /* Release */,
			);
			defaultConfigurationIsVisible = 0;
			defaultConfigurationName = Release;
		};
		FC9C94391A6DA65C0077ECC8 /* Build configuration list for PBXNativeTarget "VideoPlayerDemo" */ = {
			isa = XCConfigurationList;
			buildConfigurations = (
				FC9C943A1A6DA65C0077ECC8 /* Debug */,
				FC9C943B1A6DA65C0077ECC8 /* Release */,
			);
			defaultConfigurationIsVisible = 0;
			defaultConfigurationName = Release;
		};
		FC9C943C1A6DA65C0077ECC8 /* Build configuration list for PBXNativeTarget "VideoPlayerDemoTests" */ = {
			isa = XCConfigurationList;
			buildConfigurations = (
				FC9C943D1A6DA65C0077ECC8 /* Debug */,
				FC9C943E1A6DA65C0077ECC8 /* Release */,
			);
			defaultConfigurationIsVisible = 0;
			defaultConfigurationName = Release;
		};
/* End XCConfigurationList section */
	};
	rootObject = FC9C940E1A6DA65C0077ECC8 /* Project object */;
}
